
Microsoft Visual Studio Solution File, Format Version 12.00
# Visual Studio Version 16
VisualStudioVersion = 16.0.29728.190
MinimumVisualStudioVersion = 10.0.40219.1
Project("{FAE04EC0-301F-11D3-BF4B-00C04F79EFBC}") = "LifeExpectancyApp", "LifeExpectancyApp\LifeExpectancyApp.csproj", "{F4172AEF-88AC-4201-A8B1-B446BE24BFB6}"
EndProject
Global
	GlobalSection(SolutionConfigurationPlatforms) = preSolution
		Debug|Any CPU = Debug|Any CPU
		Release|Any CPU = Release|Any CPU
	EndGlobalSection
	GlobalSection(ProjectConfigurationPlatforms) = postSolution
		{F4172AEF-88AC-4201-A8B1-B446BE24BFB6}.Debug|Any CPU.ActiveCfg = Debug|Any CPU
		{F4172AEF-88AC-4201-A8B1-B446BE24BFB6}.Debug|Any CPU.Build.0 = Debug|Any CPU
		{F4172AEF-88AC-4201-A8B1-B446BE24BFB6}.Release|Any CPU.ActiveCfg = Release|Any CPU
		{F4172AEF-88AC-4201-A8B1-B446BE24BFB6}.Release|Any CPU.Build.0 = Release|Any CPU
	EndGlobalSection
	GlobalSection(SolutionProperties) = preSolution
		HideSolutionNode = FALSE
	EndGlobalSection
	GlobalSection(ExtensibilityGlobals) = postSolution
		SolutionGuid = {7B47A06F-1F5A-48B6-BBBC-467CB99DB2C5}
	EndGlobalSection
EndGlobal
